
Microsoft Visual Studio Solution File, Format Version 12.00
# Visual Studio Version 16
VisualStudioVersion = 16.0.31729.503
MinimumVisualStudioVersion = 10.0.40219.1
Project("{FAE04EC0-301F-11D3-BF4B-00C04F79EFBC}") = "Equations solver", "Equations solver\Equations solver.csproj", "{BB112C15-1AEE-42B2-89EB-7917C0B10FF1}"
EndProject
Global
	GlobalSection(SolutionConfigurationPlatforms) = preSolution
		Debug|Any CPU = Debug|Any CPU
		Release|Any CPU = Release|Any CPU
	EndGlobalSection
	GlobalSection(ProjectConfigurationPlatforms) = postSolution
		{BB112C15-1AEE-42B2-89EB-7917C0B10FF1}.Debug|Any CPU.ActiveCfg = Debug|Any CPU
		{BB112C15-1AEE-42B2-89EB-7917C0B10FF1}.Debug|Any CPU.Build.0 = Debug|Any CPU
		{BB112C15-1AEE-42B2-89EB-7917C0B10FF1}.Release|Any CPU.ActiveCfg = Release|Any CPU
		{BB112C15-1AEE-42B2-89EB-7917C0B10FF1}.Release|Any CPU.Build.0 = Release|Any CPU
	EndGlobalSection
	GlobalSection(SolutionProperties) = preSolution
		HideSolutionNode = FALSE
	EndGlobalSection
	GlobalSection(ExtensibilityGlobals) = postSolution
		SolutionGuid = {98A4EE6D-8C4B-4AB3-836D-483BA6CFAF88}
	EndGlobalSection
EndGlobal
